{
    "_readme": [
        "This file locks the dependencies of your project to a known state",
        "Read more about it at https://getcomposer.org/doc/01-basic-usage.md#composer-lock-the-lock-file",
        "This file is @generated automatically"
    ],
    "hash": "833481581fb7e2de9ba581278dd340de",
    "content-hash": "b082c88fdb9c6d918f1f95c8784eb2a9",
    "packages": [
        {
            "name": "xiaoler/blade",
            "version": "0.3.1",
            "source": {
                "type": "git",
                "url": "https://github.com/XiaoLer/blade.git",
                "reference": "4a8ea96dfcf1887efc7ee3cfb5c52eeec389d7ec"
            },
            "dist": {
                "type": "zip",
                "url": "https://api.github.com/repos/XiaoLer/blade/zipball/4a8ea96dfcf1887efc7ee3cfb5c52eeec389d7ec",
                "reference": "4a8ea96dfcf1887efc7ee3cfb5c52eeec389d7ec",
                "shasum": ""
            },
            "require": {
                "php": ">=5.4.0"
            },
            "type": "library",
            "autoload": {
                "files": [
                    "src/helpers.php"
                ],
                "psr-4": {
                    "Xiaoler\\Blade\\": "src/"
                }
            },
            "notification-url": "https://packagist.org/downloads/",
            "license": [
                "MIT"
            ],
            "authors": [
                {
                    "name": "Scholer Liu",
                    "email": "scholer_l@live.com"
                }
            ],
            "description": "an independent version of laravel view template - blade",
            "homepage": "http://0x1.im",
            "time": "2016-09-18 14:33:13"
        }
    ],
    "packages-dev": [
        {
            "name": "mikey179/vfsStream",
            "version": "v1.1.0",
            "source": {
                "type": "git",
                "url": "https://github.com/mikey179/vfsStream.git",
                "reference": "fc0fe8f4d0b527254a2dc45f0c265567c881d07e"
            },
            "dist": {
                "type": "zip",
                "url": "https://api.github.com/repos/mikey179/vfsStream/zipball/fc0fe8f4d0b527254a2dc45f0c265567c881d07e",
                "reference": "fc0fe8f4d0b527254a2dc45f0c265567c881d07e",
                "shasum": ""
            },
            "require": {
                "php": ">=5.3.0"
            },
            "type": "library",
            "autoload": {
                "psr-0": {
                    "org\\bovigo\\vfs": "src/main/php"
                }
            },
            "notification-url": "https://packagist.org/downloads/",
            "license": [
                "BSD"
            ],
            "homepage": "http://vfs.bovigo.org/",
            "time": "2012-08-25 12:49:29"
        }
    ],
    "aliases": [],
    "minimum-stability": "stable",
    "stability-flags": [],
    "prefer-stable": false,
    "prefer-lowest": false,
    "platform": {
        "php": ">=5.2.4"
    },
    "platform-dev": []
}
